
Microsoft Visual Studio Solution File, Format Version 12.00
# Visual Studio Version 16
VisualStudioVersion = 16.0.32106.194
MinimumVisualStudioVersion = 10.0.40219.1
Project("{FAE04EC0-301F-11D3-BF4B-00C04F79EFBC}") = "Delete_Files_of_Type_and_Age", "Delete_Files_of_Type_and_Age\Delete_Files_of_Type_and_Age.csproj", "{FEEA1B44-3362-431D-8742-FFF3F2D5CE57}"
EndProject
Global
	GlobalSection(SolutionConfigurationPlatforms) = preSolution
		Debug|Any CPU = Debug|Any CPU
		Release|Any CPU = Release|Any CPU
	EndGlobalSection
	GlobalSection(ProjectConfigurationPlatforms) = postSolution
		{FEEA1B44-3362-431D-8742-FFF3F2D5CE57}.Debug|Any CPU.ActiveCfg = Debug|Any CPU
		{FEEA1B44-3362-431D-8742-FFF3F2D5CE57}.Debug|Any CPU.Build.0 = Debug|Any CPU
		{FEEA1B44-3362-431D-8742-FFF3F2D5CE57}.Release|Any CPU.ActiveCfg = Release|Any CPU
		{FEEA1B44-3362-431D-8742-FFF3F2D5CE57}.Release|Any CPU.Build.0 = Release|Any CPU
	EndGlobalSection
	GlobalSection(SolutionProperties) = preSolution
		HideSolutionNode = FALSE
	EndGlobalSection
	GlobalSection(ExtensibilityGlobals) = postSolution
		SolutionGuid = {414BC740-86FE-43D1-904D-B0A263F3E4F8}
	EndGlobalSection
EndGlobal
